// !$*UTF8*$!
{
	archiveVersion = 1;
	classes = {
	};
	objectVersion = 46;
	objects = {

/* Begin PBXBuildFile section */
		7307CA5117B5AF6B00D1097A /* UIKit.framework in Frameworks */ = {isa = PBXBuildFile; fileRef = 7307CA5017B5AF6B00D1097A /* UIKit.framework */; };
		7307CA5317B5AF6B00D1097A /* Foundation.framework in Frameworks */ = {isa = PBXBuildFile; fileRef = 7307CA5217B5AF6B00D1097A /* Foundation.framework */; };
		7307CA5517B5AF6B00D1097A /* CoreGraphics.framework in Frameworks */ = {isa = PBXBuildFile; fileRef = 7307CA5417B5AF6B00D1097A /* CoreGraphics.framework */; };
		7307CA5B17B5AF6B00D1097A /* InfoPlist.strings in Resources */ = {isa = PBXBuildFile; fileRef = 7307CA5917B5AF6B00D1097A /* InfoPlist.strings */; };
		7307CA5D17B5AF6B00D1097A /* main.m in Sources */ = {isa = PBXBuildFile; fileRef = 7307CA5C17B5AF6B00D1097A /* main.m */; };
		7307CA6117B5AF6B00D1097A /* HHAppDelegate.m in Sources */ = {isa = PBXBuildFile; fileRef = 7307CA6017B5AF6B00D1097A /* HHAppDelegate.m */; };
		7307CA6317B5AF6B00D1097A /* Default.png in Resources */ = {isa = PBXBuildFile; fileRef = 7307CA6217B5AF6B00D1097A /* Default.png */; };
		7307CA6517B5AF6B00D1097A /* Default@2x.png in Resources */ = {isa = PBXBuildFile; fileRef = 7307CA6417B5AF6B00D1097A /* Default@2x.png */; };
		7307CA6717B5AF6B00D1097A /* Default-568h@2x.png in Resources */ = {isa = PBXBuildFile; fileRef = 7307CA6617B5AF6B00D1097A /* Default-568h@2x.png */; };
		7307CA6A17B5AF6B00D1097A /* HHViewController.m in Sources */ = {isa = PBXBuildFile; fileRef = 7307CA6917B5AF6B00D1097A /* HHViewController.m */; };
		7307CA6D17B5AF6B00D1097A /* HHViewController.xib in Resources */ = {isa = PBXBuildFile; fileRef = 7307CA6B17B5AF6B00D1097A /* HHViewController.xib */; };
		7307CA7517B5AF6B00D1097A /* SenTestingKit.framework in Frameworks */ = {isa = PBXBuildFile; fileRef = 7307CA7417B5AF6B00D1097A /* SenTestingKit.framework */; };
		7307CA7617B5AF6B00D1097A /* UIKit.framework in Frameworks */ = {isa = PBXBuildFile; fileRef = 7307CA5017B5AF6B00D1097A /* UIKit.framework */; };
		7307CA7717B5AF6B00D1097A /* Foundation.framework in Frameworks */ = {isa = PBXBuildFile; fileRef = 7307CA5217B5AF6B00D1097A /* Foundation.framework */; };
		7307CA8D17B5AFF100D1097A /* HHTwitterClient.m in Sources */ = {isa = PBXBuildFile; fileRef = 7307CA8C17B5AFF100D1097A /* HHTwitterClient.m */; };
		7307CA9717B6046C00D1097A /* UIKit.framework in Frameworks */ = {isa = PBXBuildFile; fileRef = 7307CA5017B5AF6B00D1097A /* UIKit.framework */; };
		7307CA9817B6046C00D1097A /* Foundation.framework in Frameworks */ = {isa = PBXBuildFile; fileRef = 7307CA5217B5AF6B00D1097A /* Foundation.framework */; };
		7307CA9917B6046C00D1097A /* CoreGraphics.framework in Frameworks */ = {isa = PBXBuildFile; fileRef = 7307CA5417B5AF6B00D1097A /* CoreGraphics.framework */; };
		7307CA9F17B6046C00D1097A /* InfoPlist.strings in Resources */ = {isa = PBXBuildFile; fileRef = 7307CA9D17B6046C00D1097A /* InfoPlist.strings */; };
		7307CAA117B6046C00D1097A /* main.m in Sources */ = {isa = PBXBuildFile; fileRef = 7307CAA017B6046C00D1097A /* main.m */; };
		7307CAA717B6046C00D1097A /* Default.png in Resources */ = {isa = PBXBuildFile; fileRef = 7307CAA617B6046C00D1097A /* Default.png */; };
		7307CAA917B6046C00D1097A /* Default@2x.png in Resources */ = {isa = PBXBuildFile; fileRef = 7307CAA817B6046C00D1097A /* Default@2x.png */; };
		7307CAAB17B6046C00D1097A /* Default-568h@2x.png in Resources */ = {isa = PBXBuildFile; fileRef = 7307CAAA17B6046C00D1097A /* Default-568h@2x.png */; };
		7307CAB017B6051F00D1097A /* QuartzCore.framework in Frameworks */ = {isa = PBXBuildFile; fileRef = 7307CAAF17B6051F00D1097A /* QuartzCore.framework */; };
		7347A30117B7548E006F06F2 /* Accounts.framework in Frameworks */ = {isa = PBXBuildFile; fileRef = 7347A2FF17B7547A006F06F2 /* Accounts.framework */; };
		7347A30317B75499006F06F2 /* Twitter.framework in Frameworks */ = {isa = PBXBuildFile; fileRef = 7347A30217B75499006F06F2 /* Twitter.framework */; };
		7347A30417B75B2D006F06F2 /* Twitter.framework in Frameworks */ = {isa = PBXBuildFile; fileRef = 7347A30217B75499006F06F2 /* Twitter.framework */; };
		7347A30517B75B35006F06F2 /* Accounts.framework in Frameworks */ = {isa = PBXBuildFile; fileRef = 7347A2FF17B7547A006F06F2 /* Accounts.framework */; };
		7353F61317B639AE0005502B /* HHTweetTest.m in Sources */ = {isa = PBXBuildFile; fileRef = 7353F61217B639AE0005502B /* HHTweetTest.m */; };
		7353F61617B639FC0005502B /* HHTweet.m in Sources */ = {isa = PBXBuildFile; fileRef = 7353F61517B639FC0005502B /* HHTweet.m */; };
		7353F61717B639FC0005502B /* HHTweet.m in Sources */ = {isa = PBXBuildFile; fileRef = 7353F61517B639FC0005502B /* HHTweet.m */; };
		73FDF30317B62C8700CB73DE /* MobileCoreServices.framework in Frameworks */ = {isa = PBXBuildFile; fileRef = 73FDF30217B62C8700CB73DE /* MobileCoreServices.framework */; };
		73FDF30517B62C9200CB73DE /* SystemConfiguration.framework in Frameworks */ = {isa = PBXBuildFile; fileRef = 73FDF30417B62C9200CB73DE /* SystemConfiguration.framework */; };
		73FDF30617B62CAF00CB73DE /* SystemConfiguration.framework in Frameworks */ = {isa = PBXBuildFile; fileRef = 73FDF30417B62C9200CB73DE /* SystemConfiguration.framework */; };
		73FDF30717B62CB500CB73DE /* MobileCoreServices.framework in Frameworks */ = {isa = PBXBuildFile; fileRef = 73FDF30217B62C8700CB73DE /* MobileCoreServices.framework */; };
		73FDF30917B62D1900CB73DE /* Security.framework in Frameworks */ = {isa = PBXBuildFile; fileRef = 73FDF30817B62D1900CB73DE /* Security.framework */; };
		73FE1D0217B6066A00C32BC6 /* HHTwitterClientTest.m in Sources */ = {isa = PBXBuildFile; fileRef = 73FE1D0117B6066A00C32BC6 /* HHTwitterClientTest.m */; };
		73FE1D0317B6070600C32BC6 /* HHTwitterClient.m in Sources */ = {isa = PBXBuildFile; fileRef = 7307CA8C17B5AFF100D1097A /* HHTwitterClient.m */; };
		7D7F19A089924DA192BAE575 /* libPods-GHUnitTests.a in Frameworks */ = {isa = PBXBuildFile; fileRef = CC9CBCCA94EF499AB99360AE /* libPods-GHUnitTests.a */; };
		E7A706008A4F49C196D7D687 /* libPods.a in Frameworks */ = {isa = PBXBuildFile; fileRef = 534B4A668E72449B99A0EE09 /* libPods.a */; };
/* End PBXBuildFile section */

/* Begin PBXContainerItemProxy section */
		7307CA7817B5AF6B00D1097A /* PBXContainerItemProxy */ = {
			isa = PBXContainerItemProxy;
			containerPortal = 7307CA4517B5AF6B00D1097A /* Project object */;
			proxyType = 1;
			remoteGlobalIDString = 7307CA4C17B5AF6B00D1097A;
			remoteInfo = SampleTwitter;
		};
/* End PBXContainerItemProxy section */

/* Begin PBXFileReference section */
		155475686317455EAB553799 /* Pods-GHUnitTests.xcconfig */ = {isa = PBXFileReference; includeInIndex = 1; lastKnownFileType = text.xcconfig; name = "Pods-GHUnitTests.xcconfig"; path = "Pods/Pods-GHUnitTests.xcconfig"; sourceTree = SOURCE_ROOT; };
		534B4A668E72449B99A0EE09 /* libPods.a */ = {isa = PBXFileReference; explicitFileType = archive.ar; includeInIndex = 0; path = libPods.a; sourceTree = BUILT_PRODUCTS_DIR; };
		7307CA4D17B5AF6B00D1097A /* SampleTwitter.app */ = {isa = PBXFileReference; explicitFileType = wrapper.application; includeInIndex = 0; path = SampleTwitter.app; sourceTree = BUILT_PRODUCTS_DIR; };
		7307CA5017B5AF6B00D1097A /* UIKit.framework */ = {isa = PBXFileReference; lastKnownFileType = wrapper.framework; name = UIKit.framework; path = System/Library/Frameworks/UIKit.framework; sourceTree = SDKROOT; };
		7307CA5217B5AF6B00D1097A /* Foundation.framework */ = {isa = PBXFileReference; lastKnownFileType = wrapper.framework; name = Foundation.framework; path = System/Library/Frameworks/Foundation.framework; sourceTree = SDKROOT; };
		7307CA5417B5AF6B00D1097A /* CoreGraphics.framework */ = {isa = PBXFileReference; lastKnownFileType = wrapper.framework; name = CoreGraphics.framework; path = System/Library/Frameworks/CoreGraphics.framework; sourceTree = SDKROOT; };
		7307CA5817B5AF6B00D1097A /* SampleTwitter-Info.plist */ = {isa = PBXFileReference; lastKnownFileType = text.plist.xml; path = "SampleTwitter-Info.plist"; sourceTree = "<group>"; };
		7307CA5A17B5AF6B00D1097A /* en */ = {isa = PBXFileReference; lastKnownFileType = text.plist.strings; name = en; path = en.lproj/InfoPlist.strings; sourceTree = "<group>"; };
		7307CA5C17B5AF6B00D1097A /* main.m */ = {isa = PBXFileReference; lastKnownFileType = sourcecode.c.objc; path = main.m; sourceTree = "<group>"; };
		7307CA5E17B5AF6B00D1097A /* SampleTwitter-Prefix.pch */ = {isa = PBXFileReference; lastKnownFileType = sourcecode.c.h; path = "SampleTwitter-Prefix.pch"; sourceTree = "<group>"; };
		7307CA5F17B5AF6B00D1097A /* HHAppDelegate.h */ = {isa = PBXFileReference; lastKnownFileType = sourcecode.c.h; path = HHAppDelegate.h; sourceTree = "<group>"; };
		7307CA6017B5AF6B00D1097A /* HHAppDelegate.m */ = {isa = PBXFileReference; lastKnownFileType = sourcecode.c.objc; path = HHAppDelegate.m; sourceTree = "<group>"; };
		7307CA6217B5AF6B00D1097A /* Default.png */ = {isa = PBXFileReference; lastKnownFileType = image.png; path = Default.png; sourceTree = "<group>"; };
		7307CA6417B5AF6B00D1097A /* Default@2x.png */ = {isa = PBXFileReference; lastKnownFileType = image.png; path = "Default@2x.png"; sourceTree = "<group>"; };
		7307CA6617B5AF6B00D1097A /* Default-568h@2x.png */ = {isa = PBXFileReference; lastKnownFileType = image.png; path = "Default-568h@2x.png"; sourceTree = "<group>"; };
		7307CA6817B5AF6B00D1097A /* HHViewController.h */ = {isa = PBXFileReference; lastKnownFileType = sourcecode.c.h; path = HHViewController.h; sourceTree = "<group>"; };
		7307CA6917B5AF6B00D1097A /* HHViewController.m */ = {isa = PBXFileReference; lastKnownFileType = sourcecode.c.objc; path = HHViewController.m; sourceTree = "<group>"; };
		7307CA6C17B5AF6B00D1097A /* en */ = {isa = PBXFileReference; lastKnownFileType = file.xib; name = en; path = en.lproj/HHViewController.xib; sourceTree = "<group>"; };
		7307CA7317B5AF6B00D1097A /* SampleTwitterTests.octest */ = {isa = PBXFileReference; explicitFileType = wrapper.cfbundle; includeInIndex = 0; path = SampleTwitterTests.octest; sourceTree = BUILT_PRODUCTS_DIR; };
		7307CA7417B5AF6B00D1097A /* SenTestingKit.framework */ = {isa = PBXFileReference; lastKnownFileType = wrapper.framework; name = SenTestingKit.framework; path = Library/Frameworks/SenTestingKit.framework; sourceTree = DEVELOPER_DIR; };
		7307CA8B17B5AFF100D1097A /* HHTwitterClient.h */ = {isa = PBXFileReference; fileEncoding = 4; lastKnownFileType = sourcecode.c.h; name = HHTwitterClient.h; path = SampleTwitterTests/HHTwitterClient.h; sourceTree = SOURCE_ROOT; };
		7307CA8C17B5AFF100D1097A /* HHTwitterClient.m */ = {isa = PBXFileReference; fileEncoding = 4; lastKnownFileType = sourcecode.c.objc; name = HHTwitterClient.m; path = SampleTwitterTests/HHTwitterClient.m; sourceTree = SOURCE_ROOT; };
		7307CA9617B6046C00D1097A /* GHUnitTests.app */ = {isa = PBXFileReference; explicitFileType = wrapper.application; includeInIndex = 0; path = GHUnitTests.app; sourceTree = BUILT_PRODUCTS_DIR; };
		7307CA9C17B6046C00D1097A /* GHUnitTests-Info.plist */ = {isa = PBXFileReference; lastKnownFileType = text.plist.xml; path = "GHUnitTests-Info.plist"; sourceTree = "<group>"; };
		7307CA9E17B6046C00D1097A /* en */ = {isa = PBXFileReference; lastKnownFileType = text.plist.strings; name = en; path = en.lproj/InfoPlist.strings; sourceTree = "<group>"; };
		7307CAA017B6046C00D1097A /* main.m */ = {isa = PBXFileReference; lastKnownFileType = sourcecode.c.objc; path = main.m; sourceTree = "<group>"; };
		7307CAA217B6046C00D1097A /* GHUnitTests-Prefix.pch */ = {isa = PBXFileReference; lastKnownFileType = sourcecode.c.h; path = "GHUnitTests-Prefix.pch"; sourceTree = "<group>"; };
		7307CAA617B6046C00D1097A /* Default.png */ = {isa = PBXFileReference; lastKnownFileType = image.png; path = Default.png; sourceTree = "<group>"; };
		7307CAA817B6046C00D1097A /* Default@2x.png */ = {isa = PBXFileReference; lastKnownFileType = image.png; path = "Default@2x.png"; sourceTree = "<group>"; };
		7307CAAA17B6046C00D1097A /* Default-568h@2x.png */ = {isa = PBXFileReference; lastKnownFileType = image.png; path = "Default-568h@2x.png"; sourceTree = "<group>"; };
		7307CAAF17B6051F00D1097A /* QuartzCore.framework */ = {isa = PBXFileReference; lastKnownFileType = wrapper.framework; name = QuartzCore.framework; path = System/Library/Frameworks/QuartzCore.framework; sourceTree = SDKROOT; };
		7347A2FF17B7547A006F06F2 /* Accounts.framework */ = {isa = PBXFileReference; lastKnownFileType = wrapper.framework; name = Accounts.framework; path = System/Library/Frameworks/Accounts.framework; sourceTree = SDKROOT; };
		7347A30217B75499006F06F2 /* Twitter.framework */ = {isa = PBXFileReference; lastKnownFileType = wrapper.framework; name = Twitter.framework; path = System/Library/Frameworks/Twitter.framework; sourceTree = SDKROOT; };
		7353F61117B639AE0005502B /* HHTweetTest.h */ = {isa = PBXFileReference; fileEncoding = 4; lastKnownFileType = sourcecode.c.h; path = HHTweetTest.h; sourceTree = "<group>"; };
		7353F61217B639AE0005502B /* HHTweetTest.m */ = {isa = PBXFileReference; fileEncoding = 4; lastKnownFileType = sourcecode.c.objc; path = HHTweetTest.m; sourceTree = "<group>"; };
		7353F61417B639FC0005502B /* HHTweet.h */ = {isa = PBXFileReference; fileEncoding = 4; lastKnownFileType = sourcecode.c.h; path = HHTweet.h; sourceTree = "<group>"; };
		7353F61517B639FC0005502B /* HHTweet.m */ = {isa = PBXFileReference; fileEncoding = 4; lastKnownFileType = sourcecode.c.objc; path = HHTweet.m; sourceTree = "<group>"; };
		73FDF30217B62C8700CB73DE /* MobileCoreServices.framework */ = {isa = PBXFileReference; lastKnownFileType = wrapper.framework; name = MobileCoreServices.framework; path = System/Library/Frameworks/MobileCoreServices.framework; sourceTree = SDKROOT; };
		73FDF30417B62C9200CB73DE /* SystemConfiguration.framework */ = {isa = PBXFileReference; lastKnownFileType = wrapper.framework; name = SystemConfiguration.framework; path = System/Library/Frameworks/SystemConfiguration.framework; sourceTree = SDKROOT; };
		73FDF30817B62D1900CB73DE /* Security.framework */ = {isa = PBXFileReference; lastKnownFileType = wrapper.framework; name = Security.framework; path = System/Library/Frameworks/Security.framework; sourceTree = SDKROOT; };
		73FE1D0017B6066A00C32BC6 /* HHTwitterClientTest.h */ = {isa = PBXFileReference; fileEncoding = 4; lastKnownFileType = sourcecode.c.h; path = HHTwitterClientTest.h; sourceTree = "<group>"; };
		73FE1D0117B6066A00C32BC6 /* HHTwitterClientTest.m */ = {isa = PBXFileReference; fileEncoding = 4; lastKnownFileType = sourcecode.c.objc; path = HHTwitterClientTest.m; sourceTree = "<group>"; };
		CC9CBCCA94EF499AB99360AE /* libPods-GHUnitTests.a */ = {isa = PBXFileReference; explicitFileType = archive.ar; includeInIndex = 0; path = "libPods-GHUnitTests.a"; sourceTree = BUILT_PRODUCTS_DIR; };
		D04FC8FEDAE94BA1B16895FD /* Pods.xcconfig */ = {isa = PBXFileReference; includeInIndex = 1; lastKnownFileType = text.xcconfig; name = Pods.xcconfig; path = Pods/Pods.xcconfig; sourceTree = SOURCE_ROOT; };
/* End PBXFileReference section */

/* Begin PBXFrameworksBuildPhase section */
		7307CA4A17B5AF6B00D1097A /* Frameworks */ = {
			isa = PBXFrameworksBuildPhase;
			buildActionMask = 2147483647;
			files = (
				7347A30317B75499006F06F2 /* Twitter.framework in Frameworks */,
				7347A30117B7548E006F06F2 /* Accounts.framework in Frameworks */,
				73FDF30517B62C9200CB73DE /* SystemConfiguration.framework in Frameworks */,
				73FDF30317B62C8700CB73DE /* MobileCoreServices.framework in Frameworks */,
				7307CA5117B5AF6B00D1097A /* UIKit.framework in Frameworks */,
				7307CA5317B5AF6B00D1097A /* Foundation.framework in Frameworks */,
				7307CA5517B5AF6B00D1097A /* CoreGraphics.framework in Frameworks */,
				E7A706008A4F49C196D7D687 /* libPods.a in Frameworks */,
			);
			runOnlyForDeploymentPostprocessing = 0;
		};
		7307CA6F17B5AF6B00D1097A /* Frameworks */ = {
			isa = PBXFrameworksBuildPhase;
			buildActionMask = 2147483647;
			files = (
				7307CA7517B5AF6B00D1097A /* SenTestingKit.framework in Frameworks */,
				7307CA7617B5AF6B00D1097A /* UIKit.framework in Frameworks */,
				7307CA7717B5AF6B00D1097A /* Foundation.framework in Frameworks */,
			);
			runOnlyForDeploymentPostprocessing = 0;
		};
		7307CA9317B6046C00D1097A /* Frameworks */ = {
			isa = PBXFrameworksBuildPhase;
			buildActionMask = 2147483647;
			files = (
				7347A30517B75B35006F06F2 /* Accounts.framework in Frameworks */,
				7347A30417B75B2D006F06F2 /* Twitter.framework in Frameworks */,
				73FDF30917B62D1900CB73DE /* Security.framework in Frameworks */,
				73FDF30717B62CB500CB73DE /* MobileCoreServices.framework in Frameworks */,
				73FDF30617B62CAF00CB73DE /* SystemConfiguration.framework in Frameworks */,
				7307CAB017B6051F00D1097A /* QuartzCore.framework in Frameworks */,
				7307CA9717B6046C00D1097A /* UIKit.framework in Frameworks */,
				7307CA9817B6046C00D1097A /* Foundation.framework in Frameworks */,
				7307CA9917B6046C00D1097A /* CoreGraphics.framework in Frameworks */,
				7D7F19A089924DA192BAE575 /* libPods-GHUnitTests.a in Frameworks */,
			);
			runOnlyForDeploymentPostprocessing = 0;
		};
/* End PBXFrameworksBuildPhase section */

/* Begin PBXGroup section */
		7307CA4417B5AF6B00D1097A = {
			isa = PBXGroup;
			children = (
				7307CA5617B5AF6B00D1097A /* SampleTwitter */,
				7307CA9A17B6046C00D1097A /* GHUnitTests */,
				7307CA4F17B5AF6B00D1097A /* Frameworks */,
				7307CA4E17B5AF6B00D1097A /* Products */,
				155475686317455EAB553799 /* Pods-GHUnitTests.xcconfig */,
				D04FC8FEDAE94BA1B16895FD /* Pods.xcconfig */,
			);
			sourceTree = "<group>";
		};
		7307CA4E17B5AF6B00D1097A /* Products */ = {
			isa = PBXGroup;
			children = (
				7307CA4D17B5AF6B00D1097A /* SampleTwitter.app */,
				7307CA7317B5AF6B00D1097A /* SampleTwitterTests.octest */,
				7307CA9617B6046C00D1097A /* GHUnitTests.app */,
			);
			name = Products;
			sourceTree = "<group>";
		};
		7307CA4F17B5AF6B00D1097A /* Frameworks */ = {
			isa = PBXGroup;
			children = (
				7347A30217B75499006F06F2 /* Twitter.framework */,
				7347A2FF17B7547A006F06F2 /* Accounts.framework */,
				73FDF30817B62D1900CB73DE /* Security.framework */,
				73FDF30417B62C9200CB73DE /* SystemConfiguration.framework */,
				73FDF30217B62C8700CB73DE /* MobileCoreServices.framework */,
				7307CAAF17B6051F00D1097A /* QuartzCore.framework */,
				7307CA5017B5AF6B00D1097A /* UIKit.framework */,
				7307CA5217B5AF6B00D1097A /* Foundation.framework */,
				7307CA5417B5AF6B00D1097A /* CoreGraphics.framework */,
				7307CA7417B5AF6B00D1097A /* SenTestingKit.framework */,
				CC9CBCCA94EF499AB99360AE /* libPods-GHUnitTests.a */,
				534B4A668E72449B99A0EE09 /* libPods.a */,
			);
			name = Frameworks;
			sourceTree = "<group>";
		};
		7307CA5617B5AF6B00D1097A /* SampleTwitter */ = {
			isa = PBXGroup;
			children = (
				7307CA5F17B5AF6B00D1097A /* HHAppDelegate.h */,
				7307CA6017B5AF6B00D1097A /* HHAppDelegate.m */,
				7307CA6817B5AF6B00D1097A /* HHViewController.h */,
				7307CA6917B5AF6B00D1097A /* HHViewController.m */,
				7307CA6B17B5AF6B00D1097A /* HHViewController.xib */,
				7307CA8B17B5AFF100D1097A /* HHTwitterClient.h */,
				7307CA8C17B5AFF100D1097A /* HHTwitterClient.m */,
				7353F61417B639FC0005502B /* HHTweet.h */,
				7353F61517B639FC0005502B /* HHTweet.m */,
				7307CA5717B5AF6B00D1097A /* Supporting Files */,
			);
			path = SampleTwitter;
			sourceTree = "<group>";
		};
		7307CA5717B5AF6B00D1097A /* Supporting Files */ = {
			isa = PBXGroup;
			children = (
				7307CA5817B5AF6B00D1097A /* SampleTwitter-Info.plist */,
				7307CA5917B5AF6B00D1097A /* InfoPlist.strings */,
				7307CA5C17B5AF6B00D1097A /* main.m */,
				7307CA5E17B5AF6B00D1097A /* SampleTwitter-Prefix.pch */,
				7307CA6217B5AF6B00D1097A /* Default.png */,
				7307CA6417B5AF6B00D1097A /* Default@2x.png */,
				7307CA6617B5AF6B00D1097A /* Default-568h@2x.png */,
			);
			name = "Supporting Files";
			sourceTree = "<group>";
		};
		7307CA9A17B6046C00D1097A /* GHUnitTests */ = {
			isa = PBXGroup;
			children = (
				73FE1D0017B6066A00C32BC6 /* HHTwitterClientTest.h */,
				73FE1D0117B6066A00C32BC6 /* HHTwitterClientTest.m */,
				7353F61117B639AE0005502B /* HHTweetTest.h */,
				7353F61217B639AE0005502B /* HHTweetTest.m */,
				7307CA9B17B6046C00D1097A /* Supporting Files */,
			);
			path = GHUnitTests;
			sourceTree = "<group>";
		};
		7307CA9B17B6046C00D1097A /* Supporting Files */ = {
			isa = PBXGroup;
			children = (
				7307CA9C17B6046C00D1097A /* GHUnitTests-Info.plist */,
				7307CA9D17B6046C00D1097A /* InfoPlist.strings */,
				7307CAA017B6046C00D1097A /* main.m */,
				7307CAA217B6046C00D1097A /* GHUnitTests-Prefix.pch */,
				7307CAA617B6046C00D1097A /* Default.png */,
				7307CAA817B6046C00D1097A /* Default@2x.png */,
				7307CAAA17B6046C00D1097A /* Default-568h@2x.png */,
			);
			name = "Supporting Files";
			sourceTree = "<group>";
		};
/* End PBXGroup section */

/* Begin PBXNativeTarget section */
		7307CA4C17B5AF6B00D1097A /* SampleTwitter */ = {
			isa = PBXNativeTarget;
			buildConfigurationList = 7307CA8517B5AF6B00D1097A /* Build configuration list for PBXNativeTarget "SampleTwitter" */;
			buildPhases = (
				6F94714A6FD540A5BE3F9A60 /* Check Pods Manifest.lock */,
				7307CA4917B5AF6B00D1097A /* Sources */,
				7307CA4A17B5AF6B00D1097A /* Frameworks */,
				7307CA4B17B5AF6B00D1097A /* Resources */,
				6D92F1CF997E4C07B0819CC2 /* Copy Pods Resources */,
			);
			buildRules = (
			);
			dependencies = (
			);
			name = SampleTwitter;
			productName = SampleTwitter;
			productReference = 7307CA4D17B5AF6B00D1097A /* SampleTwitter.app */;
			productType = "com.apple.product-type.application";
		};
		7307CA7217B5AF6B00D1097A /* SampleTwitterTests */ = {
			isa = PBXNativeTarget;
			buildConfigurationList = 7307CA8817B5AF6B00D1097A /* Build configuration list for PBXNativeTarget "SampleTwitterTests" */;
			buildPhases = (
				7307CA6E17B5AF6B00D1097A /* Sources */,
				7307CA6F17B5AF6B00D1097A /* Frameworks */,
				7307CA7017B5AF6B00D1097A /* Resources */,
				7307CA7117B5AF6B00D1097A /* ShellScript */,
			);
			buildRules = (
			);
			dependencies = (
				7307CA7917B5AF6B00D1097A /* PBXTargetDependency */,
			);
			name = SampleTwitterTests;
			productName = SampleTwitterTests;
			productReference = 7307CA7317B5AF6B00D1097A /* SampleTwitterTests.octest */;
			productType = "com.apple.product-type.bundle";
		};
		7307CA9517B6046C00D1097A /* GHUnitTests */ = {
			isa = PBXNativeTarget;
			buildConfigurationList = 7307CAAC17B6046C00D1097A /* Build configuration list for PBXNativeTarget "GHUnitTests" */;
			buildPhases = (
				730B93D56DEF4A47918628E5 /* Check Pods Manifest.lock */,
				7307CA9217B6046C00D1097A /* Sources */,
				7307CA9317B6046C00D1097A /* Frameworks */,
				7307CA9417B6046C00D1097A /* Resources */,
				33C79F3B4C8649B085A1B28E /* Copy Pods Resources */,
			);
			buildRules = (
			);
			dependencies = (
			);
			name = GHUnitTests;
			productName = GHUnitTests;
			productReference = 7307CA9617B6046C00D1097A /* GHUnitTests.app */;
			productType = "com.apple.product-type.application";
		};
/* End PBXNativeTarget section */

/* Begin PBXProject section */
		7307CA4517B5AF6B00D1097A /* Project object */ = {
			isa = PBXProject;
			attributes = {
				CLASSPREFIX = HH;
				LastUpgradeCheck = 0460;
				ORGANIZATIONNAME = "原田 勝信";
			};
			buildConfigurationList = 7307CA4817B5AF6B00D1097A /* Build configuration list for PBXProject "SampleTwitter" */;
			compatibilityVersion = "Xcode 3.2";
			developmentRegion = English;
			hasScannedForEncodings = 0;
			knownRegions = (
				en,
			);
			mainGroup = 7307CA4417B5AF6B00D1097A;
			productRefGroup = 7307CA4E17B5AF6B00D1097A /* Products */;
			projectDirPath = "";
			projectRoot = "";
			targets = (
				7307CA4C17B5AF6B00D1097A /* SampleTwitter */,
				7307CA7217B5AF6B00D1097A /* SampleTwitterTests */,
				7307CA9517B6046C00D1097A /* GHUnitTests */,
			);
		};
/* End PBXProject section */

/* Begin PBXResourcesBuildPhase section */
		7307CA4B17B5AF6B00D1097A /* Resources */ = {
			isa = PBXResourcesBuildPhase;
			buildActionMask = 2147483647;
			files = (
				7307CA5B17B5AF6B00D1097A /* InfoPlist.strings in Resources */,
				7307CA6317B5AF6B00D1097A /* Default.png in Resources */,
				7307CA6517B5AF6B00D1097A /* Default@2x.png in Resources */,
				7307CA6717B5AF6B00D1097A /* Default-568h@2x.png in Resources */,
				7307CA6D17B5AF6B00D1097A /* HHViewController.xib in Resources */,
			);
			runOnlyForDeploymentPostprocessing = 0;
		};
		7307CA7017B5AF6B00D1097A /* Resources */ = {
			isa = PBXResourcesBuildPhase;
			buildActionMask = 2147483647;
			files = (
			);
			runOnlyForDeploymentPostprocessing = 0;
		};
		7307CA9417B6046C00D1097A /* Resources */ = {
			isa = PBXResourcesBuildPhase;
			buildActionMask = 2147483647;
			files = (
				7307CA9F17B6046C00D1097A /* InfoPlist.strings in Resources */,
				7307CAA717B6046C00D1097A /* Default.png in Resources */,
				7307CAA917B6046C00D1097A /* Default@2x.png in Resources */,
				7307CAAB17B6046C00D1097A /* Default-568h@2x.png in Resources */,
			);
			runOnlyForDeploymentPostprocessing = 0;
		};
/* End PBXResourcesBuildPhase section */

/* Begin PBXShellScriptBuildPhase section */
		33C79F3B4C8649B085A1B28E /* Copy Pods Resources */ = {
			isa = PBXShellScriptBuildPhase;
			buildActionMask = 2147483647;
			files = (
			);
			inputPaths = (
			);
			name = "Copy Pods Resources";
			outputPaths = (
			);
			runOnlyForDeploymentPostprocessing = 0;
			shellPath = /bin/sh;
			shellScript = "\"${SRCROOT}/Pods/Pods-GHUnitTests-resources.sh\"\n";
			showEnvVarsInLog = 0;
		};
		6D92F1CF997E4C07B0819CC2 /* Copy Pods Resources */ = {
			isa = PBXShellScriptBuildPhase;
			buildActionMask = 2147483647;
			files = (
			);
			inputPaths = (
			);
			name = "Copy Pods Resources";
			outputPaths = (
			);
			runOnlyForDeploymentPostprocessing = 0;
			shellPath = /bin/sh;
			shellScript = "\"${SRCROOT}/Pods/Pods-resources.sh\"\n";
			showEnvVarsInLog = 0;
		};
		6F94714A6FD540A5BE3F9A60 /* Check Pods Manifest.lock */ = {
			isa = PBXShellScriptBuildPhase;
			buildActionMask = 2147483647;
			files = (
			);
			inputPaths = (
			);
			name = "Check Pods Manifest.lock";
			outputPaths = (
			);
			runOnlyForDeploymentPostprocessing = 0;
			shellPath = /bin/sh;
			shellScript = "diff \"${PODS_ROOT}/../Podfile.lock\" \"${PODS_ROOT}/Manifest.lock\" > /dev/null\nif [[ $? != 0 ]] ; then\n    cat << EOM\nerror: The sandbox is not in sync with the Podfile.lock. Run 'pod install' or update your CocoaPods installation.\nEOM\n    exit 1\nfi\n";
			showEnvVarsInLog = 0;
		};
		7307CA7117B5AF6B00D1097A /* ShellScript */ = {
			isa = PBXShellScriptBuildPhase;
			buildActionMask = 2147483647;
			files = (
			);
			inputPaths = (
			);
			outputPaths = (
			);
			runOnlyForDeploymentPostprocessing = 0;
			shellPath = /bin/sh;
			shellScript = "# Run the unit tests in this test bundle.\n\"${SYSTEM_DEVELOPER_DIR}/Tools/RunUnitTests\"\n";
		};
		730B93D56DEF4A47918628E5 /* Check Pods Manifest.lock */ = {
			isa = PBXShellScriptBuildPhase;
			buildActionMask = 2147483647;
			files = (
			);
			inputPaths = (
			);
			name = "Check Pods Manifest.lock";
			outputPaths = (
			);
			runOnlyForDeploymentPostprocessing = 0;
			shellPath = /bin/sh;
			shellScript = "diff \"${PODS_ROOT}/../Podfile.lock\" \"${PODS_ROOT}/Manifest.lock\" > /dev/null\nif [[ $? != 0 ]] ; then\n    cat << EOM\nerror: The sandbox is not in sync with the Podfile.lock. Run 'pod install' or update your CocoaPods installation.\nEOM\n    exit 1\nfi\n";
			showEnvVarsInLog = 0;
		};
/* End PBXShellScriptBuildPhase section */

/* Begin PBXSourcesBuildPhase section */
		7307CA4917B5AF6B00D1097A /* Sources */ = {
			isa = PBXSourcesBuildPhase;
			buildActionMask = 2147483647;
			files = (
				7307CA5D17B5AF6B00D1097A /* main.m in Sources */,
				7307CA6117B5AF6B00D1097A /* HHAppDelegate.m in Sources */,
				7307CA6A17B5AF6B00D1097A /* HHViewController.m in Sources */,
				7307CA8D17B5AFF100D1097A /* HHTwitterClient.m in Sources */,
				7353F61617B639FC0005502B /* HHTweet.m in Sources */,
			);
			runOnlyForDeploymentPostprocessing = 0;
		};
		7307CA6E17B5AF6B00D1097A /* Sources */ = {
			isa = PBXSourcesBuildPhase;
			buildActionMask = 2147483647;
			files = (
			);
			runOnlyForDeploymentPostprocessing = 0;
		};
		7307CA9217B6046C00D1097A /* Sources */ = {
			isa = PBXSourcesBuildPhase;
			buildActionMask = 2147483647;
			files = (
				7307CAA117B6046C00D1097A /* main.m in Sources */,
				73FE1D0217B6066A00C32BC6 /* HHTwitterClientTest.m in Sources */,
				73FE1D0317B6070600C32BC6 /* HHTwitterClient.m in Sources */,
				7353F61317B639AE0005502B /* HHTweetTest.m in Sources */,
				7353F61717B639FC0005502B /* HHTweet.m in Sources */,
			);
			runOnlyForDeploymentPostprocessing = 0;
		};
/* End PBXSourcesBuildPhase section */

/* Begin PBXTargetDependency section */
		7307CA7917B5AF6B00D1097A /* PBXTargetDependency */ = {
			isa = PBXTargetDependency;
			target = 7307CA4C17B5AF6B00D1097A /* SampleTwitter */;
			targetProxy = 7307CA7817B5AF6B00D1097A /* PBXContainerItemProxy */;
		};
/* End PBXTargetDependency section */

/* Begin PBXVariantGroup section */
		7307CA5917B5AF6B00D1097A /* InfoPlist.strings */ = {
			isa = PBXVariantGroup;
			children = (
				7307CA5A17B5AF6B00D1097A /* en */,
			);
			name = InfoPlist.strings;
			sourceTree = "<group>";
		};
		7307CA6B17B5AF6B00D1097A /* HHViewController.xib */ = {
			isa = PBXVariantGroup;
			children = (
				7307CA6C17B5AF6B00D1097A /* en */,
			);
			name = HHViewController.xib;
			sourceTree = "<group>";
		};
		7307CA9D17B6046C00D1097A /* InfoPlist.strings */ = {
			isa = PBXVariantGroup;
			children = (
				7307CA9E17B6046C00D1097A /* en */,
			);
			name = InfoPlist.strings;
			sourceTree = "<group>";
		};
/* End PBXVariantGroup section */

/* Begin XCBuildConfiguration section */
		7307CA8317B5AF6B00D1097A /* Debug */ = {
			isa = XCBuildConfiguration;
			buildSettings = {
				ALWAYS_SEARCH_USER_PATHS = NO;
				CLANG_CXX_LANGUAGE_STANDARD = "gnu++0x";
				CLANG_CXX_LIBRARY = "libc++";
				CLANG_ENABLE_OBJC_ARC = YES;
				CLANG_WARN_CONSTANT_CONVERSION = YES;
				CLANG_WARN_EMPTY_BODY = YES;
				CLANG_WARN_ENUM_CONVERSION = YES;
				CLANG_WARN_INT_CONVERSION = YES;
				CLANG_WARN__DUPLICATE_METHOD_MATCH = YES;
				"CODE_SIGN_IDENTITY[sdk=iphoneos*]" = "iPhone Developer";
				COPY_PHASE_STRIP = NO;
				GCC_C_LANGUAGE_STANDARD = gnu99;
				GCC_DYNAMIC_NO_PIC = NO;
				GCC_OPTIMIZATION_LEVEL = 0;
				GCC_PREPROCESSOR_DEFINITIONS = (
					"DEBUG=1",
					"$(inherited)",
				);
				GCC_SYMBOLS_PRIVATE_EXTERN = NO;
				GCC_WARN_ABOUT_RETURN_TYPE = YES;
				GCC_WARN_UNINITIALIZED_AUTOS = YES;
				GCC_WARN_UNUSED_VARIABLE = YES;
				IPHONEOS_DEPLOYMENT_TARGET = 6.1;
				ONLY_ACTIVE_ARCH = YES;
				SDKROOT = iphoneos;
			};
			name = Debug;
		};
		7307CA8417B5AF6B00D1097A /* Release */ = {
			isa = XCBuildConfiguration;
			buildSettings = {
				ALWAYS_SEARCH_USER_PATHS = NO;
				CLANG_CXX_LANGUAGE_STANDARD = "gnu++0x";
				CLANG_CXX_LIBRARY = "libc++";
				CLANG_ENABLE_OBJC_ARC = YES;
				CLANG_WARN_CONSTANT_CONVERSION = YES;
				CLANG_WARN_EMPTY_BODY = YES;
				CLANG_WARN_ENUM_CONVERSION = YES;
				CLANG_WARN_INT_CONVERSION = YES;
				CLANG_WARN__DUPLICATE_METHOD_MATCH = YES;
				"CODE_SIGN_IDENTITY[sdk=iphoneos*]" = "iPhone Developer";
				COPY_PHASE_STRIP = YES;
				GCC_C_LANGUAGE_STANDARD = gnu99;
				GCC_WARN_ABOUT_RETURN_TYPE = YES;
				GCC_WARN_UNINITIALIZED_AUTOS = YES;
				GCC_WARN_UNUSED_VARIABLE = YES;
				IPHONEOS_DEPLOYMENT_TARGET = 6.1;
				OTHER_CFLAGS = "-DNS_BLOCK_ASSERTIONS=1";
				SDKROOT = iphoneos;
				VALIDATE_PRODUCT = YES;
			};
			name = Release;
		};
		7307CA8617B5AF6B00D1097A /* Debug */ = {
			isa = XCBuildConfiguration;
			baseConfigurationReference = D04FC8FEDAE94BA1B16895FD /* Pods.xcconfig */;
			buildSettings = {
				GCC_PRECOMPILE_PREFIX_HEADER = YES;
				GCC_PREFIX_HEADER = "SampleTwitter/SampleTwitter-Prefix.pch";
				INFOPLIST_FILE = "SampleTwitter/SampleTwitter-Info.plist";
				PRODUCT_NAME = "$(TARGET_NAME)";
				WRAPPER_EXTENSION = app;
			};
			name = Debug;
		};
		7307CA8717B5AF6B00D1097A /* Release */ = {
			isa = XCBuildConfiguration;
			baseConfigurationReference = D04FC8FEDAE94BA1B16895FD /* Pods.xcconfig */;
			buildSettings = {
				GCC_PRECOMPILE_PREFIX_HEADER = YES;
				GCC_PREFIX_HEADER = "SampleTwitter/SampleTwitter-Prefix.pch";
				INFOPLIST_FILE = "SampleTwitter/SampleTwitter-Info.plist";
				PRODUCT_NAME = "$(TARGET_NAME)";
				WRAPPER_EXTENSION = app;
			};
			name = Release;
		};
		7307CA8917B5AF6B00D1097A /* Debug */ = {
			isa = XCBuildConfiguration;
			buildSettings = {
				BUNDLE_LOADER = "$(BUILT_PRODUCTS_DIR)/SampleTwitter.app/SampleTwitter";
				FRAMEWORK_SEARCH_PATHS = (
					"\"$(SDKROOT)/Developer/Library/Frameworks\"",
					"\"$(DEVELOPER_LIBRARY_DIR)/Frameworks\"",
				);
				GCC_PRECOMPILE_PREFIX_HEADER = YES;
				GCC_PREFIX_HEADER = "SampleTwitter/SampleTwitter-Prefix.pch";
				INFOPLIST_FILE = "SampleTwitterTests/SampleTwitterTests-Info.plist";
				PRODUCT_NAME = "$(TARGET_NAME)";
				TEST_HOST = "$(BUNDLE_LOADER)";
				WRAPPER_EXTENSION = octest;
			};
			name = Debug;
		};
		7307CA8A17B5AF6B00D1097A /* Release */ = {
			isa = XCBuildConfiguration;
			buildSettings = {
				BUNDLE_LOADER = "$(BUILT_PRODUCTS_DIR)/SampleTwitter.app/SampleTwitter";
				FRAMEWORK_SEARCH_PATHS = (
					"\"$(SDKROOT)/Developer/Library/Frameworks\"",
					"\"$(DEVELOPER_LIBRARY_DIR)/Frameworks\"",
				);
				GCC_PRECOMPILE_PREFIX_HEADER = YES;
				GCC_PREFIX_HEADER = "SampleTwitter/SampleTwitter-Prefix.pch";
				INFOPLIST_FILE = "SampleTwitterTests/SampleTwitterTests-Info.plist";
				PRODUCT_NAME = "$(TARGET_NAME)";
				TEST_HOST = "$(BUNDLE_LOADER)";
				WRAPPER_EXTENSION = octest;
			};
			name = Release;
		};
		7307CAAD17B6046C00D1097A /* Debug */ = {
			isa = XCBuildConfiguration;
			baseConfigurationReference = 155475686317455EAB553799 /* Pods-GHUnitTests.xcconfig */;
			buildSettings = {
				"CODE_SIGN_IDENTITY[sdk=iphoneos*]" = "iPhone Developer";
				GCC_PRECOMPILE_PREFIX_HEADER = YES;
				GCC_PREFIX_HEADER = "GHUnitTests/GHUnitTests-Prefix.pch";
				INFOPLIST_FILE = "GHUnitTests/GHUnitTests-Info.plist";
				OTHER_LDFLAGS = (
					"-ObjC",
					"-all_load",
				);
				PRODUCT_NAME = "$(TARGET_NAME)";
				WRAPPER_EXTENSION = app;
			};
			name = Debug;
		};
		7307CAAE17B6046C00D1097A /* Release */ = {
			isa = XCBuildConfiguration;
			baseConfigurationReference = 155475686317455EAB553799 /* Pods-GHUnitTests.xcconfig */;
			buildSettings = {
				"CODE_SIGN_IDENTITY[sdk=iphoneos*]" = "iPhone Developer";
				GCC_PRECOMPILE_PREFIX_HEADER = YES;
				GCC_PREFIX_HEADER = "GHUnitTests/GHUnitTests-Prefix.pch";
				INFOPLIST_FILE = "GHUnitTests/GHUnitTests-Info.plist";
				OTHER_LDFLAGS = (
					"-ObjC",
					"-all_load",
				);
				PRODUCT_NAME = "$(TARGET_NAME)";
				WRAPPER_EXTENSION = app;
			};
			name = Release;
		};
/* End XCBuildConfiguration section */

/* Begin XCConfigurationList section */
		7307CA4817B5AF6B00D1097A /* Build configuration list for PBXProject "SampleTwitter" */ = {
			isa = XCConfigurationList;
			buildConfigurations = (
				7307CA8317B5AF6B00D1097A /* Debug */,
				7307CA8417B5AF6B00D1097A /* Release */,
			);
			defaultConfigurationIsVisible = 0;
			defaultConfigurationName = Release;
		};
		7307CA8517B5AF6B00D1097A /* Build configuration list for PBXNativeTarget "SampleTwitter" */ = {
			isa = XCConfigurationList;
			buildConfigurations = (
				7307CA8617B5AF6B00D1097A /* Debug */,
				7307CA8717B5AF6B00D1097A /* Release */,
			);
			defaultConfigurationIsVisible = 0;
			defaultConfigurationName = Release;
		};
		7307CA8817B5AF6B00D1097A /* Build configuration list for PBXNativeTarget "SampleTwitterTests" */ = {
			isa = XCConfigurationList;
			buildConfigurations = (
				7307CA8917B5AF6B00D1097A /* Debug */,
				7307CA8A17B5AF6B00D1097A /* Release */,
			);
			defaultConfigurationIsVisible = 0;
			defaultConfigurationName = Release;
		};
		7307CAAC17B6046C00D1097A /* Build configuration list for PBXNativeTarget "GHUnitTests" */ = {
			isa = XCConfigurationList;
			buildConfigurations = (
				7307CAAD17B6046C00D1097A /* Debug */,
				7307CAAE17B6046C00D1097A /* Release */,
			);
			defaultConfigurationIsVisible = 0;
			defaultConfigurationName = Release;
		};
/* End XCConfigurationList section */
	};
	rootObject = 7307CA4517B5AF6B00D1097A /* Project object */;
}
